{
  "requires": true,
  "lockfileVersion": 1,
  "dependencies": {
    "coa": {
      "version": "0.3.9",
      "resolved": "https://registry.npmjs.org/coa/-/coa-0.3.9.tgz",
      "integrity": "sha1-fj0g0wr3C4CGLpXU1JtxUYO+lgQ=",
      "requires": {
        "q": "0.8.12"
      }
    },
    "ometajs": {
      "version": "4.0.0",
      "resolved": "https://registry.npmjs.org/ometajs/-/ometajs-4.0.0.tgz",
      "integrity": "sha1-e/vSeO8O9c76XQUGLdeHus7VbLU=",
      "requires": {
        "coa": "0.3.9",
        "q": "0.8.12",
        "uglify-js": "1.3.5"
      }
    },
    "q": {
      "version": "0.8.12",
      "resolved": "https://registry.npmjs.org/q/-/q-0.8.12.tgz",
      "integrity": "sha1-kWKpHhGBnEvNp9oVz1/vqtB3iCM="
    },
    "uglify-js": {
      "version": "1.3.5",
      "resolved": "https://registry.npmjs.org/uglify-js/-/uglify-js-1.3.5.tgz",
      "integrity": "sha1-S1v/+Rhu/7qoiOTJ6UvZ/EyUkp0="
    }
  }
}
